
Microsoft Visual Studio Solution File, Format Version 12.00
# Visual Studio Version 16
VisualStudioVersion = 16.0.29503.13
MinimumVisualStudioVersion = 10.0.40219.1
Project("{FAE04EC0-301F-11D3-BF4B-00C04F79EFBC}") = "miaplicacion1", "miaplicacion1\miaplicacion1.csproj", "{C20F7291-CEEC-4357-9ABE-A9243F59885E}"
EndProject
Project("{FAE04EC0-301F-11D3-BF4B-00C04F79EFBC}") = "myUnitTests", "myUnitTests\myUnitTests.csproj", "{0A00EC05-64CF-4F72-874D-1C573A20EEEE}"
EndProject
Global
	GlobalSection(SolutionConfigurationPlatforms) = preSolution
		Debug|Any CPU = Debug|Any CPU
		Release|Any CPU = Release|Any CPU
	EndGlobalSection
	GlobalSection(ProjectConfigurationPlatforms) = postSolution
		{C20F7291-CEEC-4357-9ABE-A9243F59885E}.Debug|Any CPU.ActiveCfg = Debug|Any CPU
		{C20F7291-CEEC-4357-9ABE-A9243F59885E}.Debug|Any CPU.Build.0 = Debug|Any CPU
		{C20F7291-CEEC-4357-9ABE-A9243F59885E}.Release|Any CPU.ActiveCfg = Release|Any CPU
		{C20F7291-CEEC-4357-9ABE-A9243F59885E}.Release|Any CPU.Build.0 = Release|Any CPU
		{0A00EC05-64CF-4F72-874D-1C573A20EEEE}.Debug|Any CPU.ActiveCfg = Debug|Any CPU
		{0A00EC05-64CF-4F72-874D-1C573A20EEEE}.Debug|Any CPU.Build.0 = Debug|Any CPU
		{0A00EC05-64CF-4F72-874D-1C573A20EEEE}.Release|Any CPU.ActiveCfg = Release|Any CPU
		{0A00EC05-64CF-4F72-874D-1C573A20EEEE}.Release|Any CPU.Build.0 = Release|Any CPU
	EndGlobalSection
	GlobalSection(SolutionProperties) = preSolution
		HideSolutionNode = FALSE
	EndGlobalSection
	GlobalSection(ExtensibilityGlobals) = postSolution
		SolutionGuid = {0F1DC0CD-3708-41C2-B7B2-E97B9893D2CB}
	EndGlobalSection
EndGlobal
